
Microsoft Visual Studio Solution File, Format Version 12.00
# Visual Studio Version 17
VisualStudioVersion = 17.14.36301.6
MinimumVisualStudioVersion = 10.0.40219.1
Project("{FAE04EC0-301F-11D3-BF4B-00C04F79EFBC}") = "Tony.Calculator", "Tony.Calculator\Tony.Calculator.csproj", "{D39BF542-8CB5-AFAD-5115-5F234A6D1A0A}"
EndProject
Project("{FAE04EC0-301F-11D3-BF4B-00C04F79EFBC}") = "Tony.Calculator.Test", "Tony.Calculator.Test\Tony.Calculator.Test.csproj", "{3A3C47F2-2706-4475-8FE0-E9B46F6D2BF4}"
EndProject
Global
	GlobalSection(SolutionConfigurationPlatforms) = preSolution
		Debug|Any CPU = Debug|Any CPU
		Release|Any CPU = Release|Any CPU
	EndGlobalSection
	GlobalSection(ProjectConfigurationPlatforms) = postSolution
		{D39BF542-8CB5-AFAD-5115-5F234A6D1A0A}.Debug|Any CPU.ActiveCfg = Debug|Any CPU
		{D39BF542-8CB5-AFAD-5115-5F234A6D1A0A}.Debug|Any CPU.Build.0 = Debug|Any CPU
		{D39BF542-8CB5-AFAD-5115-5F234A6D1A0A}.Release|Any CPU.ActiveCfg = Release|Any CPU
		{D39BF542-8CB5-AFAD-5115-5F234A6D1A0A}.Release|Any CPU.Build.0 = Release|Any CPU
		{3A3C47F2-2706-4475-8FE0-E9B46F6D2BF4}.Debug|Any CPU.ActiveCfg = Debug|Any CPU
		{3A3C47F2-2706-4475-8FE0-E9B46F6D2BF4}.Debug|Any CPU.Build.0 = Debug|Any CPU
		{3A3C47F2-2706-4475-8FE0-E9B46F6D2BF4}.Release|Any CPU.ActiveCfg = Release|Any CPU
		{3A3C47F2-2706-4475-8FE0-E9B46F6D2BF4}.Release|Any CPU.Build.0 = Release|Any CPU
	EndGlobalSection
	GlobalSection(SolutionProperties) = preSolution
		HideSolutionNode = FALSE
	EndGlobalSection
	GlobalSection(ExtensibilityGlobals) = postSolution
		SolutionGuid = {80FB57F5-2A0C-491F-8702-8E95CFA59983}
	EndGlobalSection
EndGlobal
