
Microsoft Visual Studio Solution File, Format Version 12.00
# Visual Studio Version 17
VisualStudioVersion = 17.14.36301.6
MinimumVisualStudioVersion = 10.0.40219.1
Project("{FAE04EC0-301F-11D3-BF4B-00C04F79EFBC}") = "Tony.CalculatorLib", "Tony.CalculatorLib\Tony.CalculatorLib.csproj", "{E0936153-A394-7560-0BF9-D95B41A29788}"
EndProject
Project("{FAE04EC0-301F-11D3-BF4B-00C04F79EFBC}") = "Tony.CalculatorLib.Test", "Tony.CalculatorLib.Test\Tony.CalculatorLib.Test.csproj", "{8DB49D6A-CF5B-8450-0FFE-C4DF6825E2BE}"
EndProject
Global
	GlobalSection(SolutionConfigurationPlatforms) = preSolution
		Debug|Any CPU = Debug|Any CPU
		Release|Any CPU = Release|Any CPU
	EndGlobalSection
	GlobalSection(ProjectConfigurationPlatforms) = postSolution
		{E0936153-A394-7560-0BF9-D95B41A29788}.Debug|Any CPU.ActiveCfg = Debug|Any CPU
		{E0936153-A394-7560-0BF9-D95B41A29788}.Debug|Any CPU.Build.0 = Debug|Any CPU
		{E0936153-A394-7560-0BF9-D95B41A29788}.Release|Any CPU.ActiveCfg = Release|Any CPU
		{E0936153-A394-7560-0BF9-D95B41A29788}.Release|Any CPU.Build.0 = Release|Any CPU
		{8DB49D6A-CF5B-8450-0FFE-C4DF6825E2BE}.Debug|Any CPU.ActiveCfg = Debug|Any CPU
		{8DB49D6A-CF5B-8450-0FFE-C4DF6825E2BE}.Debug|Any CPU.Build.0 = Debug|Any CPU
		{8DB49D6A-CF5B-8450-0FFE-C4DF6825E2BE}.Release|Any CPU.ActiveCfg = Release|Any CPU
		{8DB49D6A-CF5B-8450-0FFE-C4DF6825E2BE}.Release|Any CPU.Build.0 = Release|Any CPU
	EndGlobalSection
	GlobalSection(SolutionProperties) = preSolution
		HideSolutionNode = FALSE
	EndGlobalSection
	GlobalSection(ExtensibilityGlobals) = postSolution
		SolutionGuid = {80FB57F5-2A0C-491F-8702-8E95CFA59983}
	EndGlobalSection
EndGlobal
